
Microsoft Visual Studio Solution File, Format Version 12.00
# Visual Studio Version 16
VisualStudioVersion = 16.0.31005.135
MinimumVisualStudioVersion = 10.0.40219.1
Project("{9A19103F-16F7-4668-BE54-9A1E7A4F7556}") = "TaskManagement.UI", "TaskManagement.UI\TaskManagement.UI.csproj", "{78CA518C-C9FC-46D8-94C7-B9C91F9CD878}"
EndProject
Project("{FAE04EC0-301F-11D3-BF4B-00C04F79EFBC}") = "TaskManagement.Service", "TaskManagement.Service\TaskManagement.Service.csproj", "{D960AF5A-6E62-4149-A3C6-573DD681658C}"
EndProject
Global
	GlobalSection(SolutionConfigurationPlatforms) = preSolution
		Debug|Any CPU = Debug|Any CPU
		Release|Any CPU = Release|Any CPU
	EndGlobalSection
	GlobalSection(ProjectConfigurationPlatforms) = postSolution
		{78CA518C-C9FC-46D8-94C7-B9C91F9CD878}.Debug|Any CPU.ActiveCfg = Debug|Any CPU
		{78CA518C-C9FC-46D8-94C7-B9C91F9CD878}.Debug|Any CPU.Build.0 = Debug|Any CPU
		{78CA518C-C9FC-46D8-94C7-B9C91F9CD878}.Release|Any CPU.ActiveCfg = Release|Any CPU
		{78CA518C-C9FC-46D8-94C7-B9C91F9CD878}.Release|Any CPU.Build.0 = Release|Any CPU
		{D960AF5A-6E62-4149-A3C6-573DD681658C}.Debug|Any CPU.ActiveCfg = Debug|Any CPU
		{D960AF5A-6E62-4149-A3C6-573DD681658C}.Debug|Any CPU.Build.0 = Debug|Any CPU
		{D960AF5A-6E62-4149-A3C6-573DD681658C}.Release|Any CPU.ActiveCfg = Release|Any CPU
		{D960AF5A-6E62-4149-A3C6-573DD681658C}.Release|Any CPU.Build.0 = Release|Any CPU
	EndGlobalSection
	GlobalSection(SolutionProperties) = preSolution
		HideSolutionNode = FALSE
	EndGlobalSection
	GlobalSection(ExtensibilityGlobals) = postSolution
		SolutionGuid = {2CC80D10-09C0-47F8-806C-91F4054A0EFF}
	EndGlobalSection
EndGlobal
